PODS:
  - UUInputAccessoryView (0.1.0)

DEPENDENCIES:
  - UUInputAccessoryView (from `../`)

EXTERNAL SOURCES:
  UUInputAccessoryView:
    :path: ../

SPEC CHECKSUMS:
  UUInputAccessoryView: 3d2093407186f481caf8f5b8e88223736621fbc1

PODFILE CHECKSUM: 128b1cc70e66a1c0deb98b6042138ac884ee5e5e

COCOAPODS: 1.1.0.beta.1
