PODS:
  - UUInputAccessoryView (0.1.0)

DEPENDENCIES:
  - UUInputAccessoryView (from `../`)

EXTERNAL SOURCES:
  UUInputAccessoryView:
    :path: ../

SPEC CHECKSUMS:
  UUInputAccessoryView: 8686a5bee98e5fbd4dc9f0a7aa7bb33d1c965cc9

PODFILE CHECKSUM: 128b1cc70e66a1c0deb98b6042138ac884ee5e5e

COCOAPODS: 1.1.0.beta.1
